
Microsoft Visual Studio Solution File, Format Version 12.00
# Visual Studio Version 16
VisualStudioVersion = 16.0.30503.244
MinimumVisualStudioVersion = 15.0.26124.0
Project("{FAE04EC0-301F-11D3-BF4B-00C04F79EFBC}") = "CoffeeCrmApp.WEB", "CoffeeCrmApp.WEB\CoffeeCrmApp.WEB.csproj", "{F96A9564-1A3B-4D3D-BD24-F3ED3B89A1BA}"
EndProject
Project("{FAE04EC0-301F-11D3-BF4B-00C04F79EFBC}") = "CoffeeCrmApp.DAL", "CoffeeCrmApp.DAL\CoffeeCrmApp.DAL.csproj", "{2BDD5CF2-4C81-48D5-B593-61DA5713BA8D}"
EndProject
Project("{FAE04EC0-301F-11D3-BF4B-00C04F79EFBC}") = "CoffeeCrmApp.BLL", "CoffeeCrmApp.BLL\CoffeeCrmApp.BLL.csproj", "{45155F88-C1CA-41F6-93F7-BFE18A799A5B}"
EndProject
Project("{FAE04EC0-301F-11D3-BF4B-00C04F79EFBC}") = "CoffeeCrmApp.Test", "CoffeeCrmApp.Test\CoffeeCrmApp.Test.csproj", "{3D565133-24B1-4138-9D6E-8648C067820B}"
EndProject
Global
	GlobalSection(SolutionConfigurationPlatforms) = preSolution
		Debug|Any CPU = Debug|Any CPU
		Debug|x64 = Debug|x64
		Debug|x86 = Debug|x86
		Release|Any CPU = Release|Any CPU
		Release|x64 = Release|x64
		Release|x86 = Release|x86
	EndGlobalSection
	GlobalSection(ProjectConfigurationPlatforms) = postSolution
		{F96A9564-1A3B-4D3D-BD24-F3ED3B89A1BA}.Debug|Any CPU.ActiveCfg = Debug|Any CPU
		{F96A9564-1A3B-4D3D-BD24-F3ED3B89A1BA}.Debug|Any CPU.Build.0 = Debug|Any CPU
		{F96A9564-1A3B-4D3D-BD24-F3ED3B89A1BA}.Debug|x64.ActiveCfg = Debug|Any CPU
		{F96A9564-1A3B-4D3D-BD24-F3ED3B89A1BA}.Debug|x64.Build.0 = Debug|Any CPU
		{F96A9564-1A3B-4D3D-BD24-F3ED3B89A1BA}.Debug|x86.ActiveCfg = Debug|Any CPU
		{F96A9564-1A3B-4D3D-BD24-F3ED3B89A1BA}.Debug|x86.Build.0 = Debug|Any CPU
		{F96A9564-1A3B-4D3D-BD24-F3ED3B89A1BA}.Release|Any CPU.ActiveCfg = Release|Any CPU
		{F96A9564-1A3B-4D3D-BD24-F3ED3B89A1BA}.Release|Any CPU.Build.0 = Release|Any CPU
		{F96A9564-1A3B-4D3D-BD24-F3ED3B89A1BA}.Release|x64.ActiveCfg = Release|Any CPU
		{F96A9564-1A3B-4D3D-BD24-F3ED3B89A1BA}.Release|x64.Build.0 = Release|Any CPU
		{F96A9564-1A3B-4D3D-BD24-F3ED3B89A1BA}.Release|x86.ActiveCfg = Release|Any CPU
		{F96A9564-1A3B-4D3D-BD24-F3ED3B89A1BA}.Release|x86.Build.0 = Release|Any CPU
		{2BDD5CF2-4C81-48D5-B593-61DA5713BA8D}.Debug|Any CPU.ActiveCfg = Debug|Any CPU
		{2BDD5CF2-4C81-48D5-B593-61DA5713BA8D}.Debug|Any CPU.Build.0 = Debug|Any CPU
		{2BDD5CF2-4C81-48D5-B593-61DA5713BA8D}.Debug|x64.ActiveCfg = Debug|Any CPU
		{2BDD5CF2-4C81-48D5-B593-61DA5713BA8D}.Debug|x64.Build.0 = Debug|Any CPU
		{2BDD5CF2-4C81-48D5-B593-61DA5713BA8D}.Debug|x86.ActiveCfg = Debug|Any CPU
		{2BDD5CF2-4C81-48D5-B593-61DA5713BA8D}.Debug|x86.Build.0 = Debug|Any CPU
		{2BDD5CF2-4C81-48D5-B593-61DA5713BA8D}.Release|Any CPU.ActiveCfg = Release|Any CPU
		{2BDD5CF2-4C81-48D5-B593-61DA5713BA8D}.Release|Any CPU.Build.0 = Release|Any CPU
		{2BDD5CF2-4C81-48D5-B593-61DA5713BA8D}.Release|x64.ActiveCfg = Release|Any CPU
		{2BDD5CF2-4C81-48D5-B593-61DA5713BA8D}.Release|x64.Build.0 = Release|Any CPU
		{2BDD5CF2-4C81-48D5-B593-61DA5713BA8D}.Release|x86.ActiveCfg = Release|Any CPU
		{2BDD5CF2-4C81-48D5-B593-61DA5713BA8D}.Release|x86.Build.0 = Release|Any CPU
		{45155F88-C1CA-41F6-93F7-BFE18A799A5B}.Debug|Any CPU.ActiveCfg = Debug|Any CPU
		{45155F88-C1CA-41F6-93F7-BFE18A799A5B}.Debug|Any CPU.Build.0 = Debug|Any CPU
		{45155F88-C1CA-41F6-93F7-BFE18A799A5B}.Debug|x64.ActiveCfg = Debug|Any CPU
		{45155F88-C1CA-41F6-93F7-BFE18A799A5B}.Debug|x64.Build.0 = Debug|Any CPU
		{45155F88-C1CA-41F6-93F7-BFE18A799A5B}.Debug|x86.ActiveCfg = Debug|Any CPU
		{45155F88-C1CA-41F6-93F7-BFE18A799A5B}.Debug|x86.Build.0 = Debug|Any CPU
		{45155F88-C1CA-41F6-93F7-BFE18A799A5B}.Release|Any CPU.ActiveCfg = Release|Any CPU
		{45155F88-C1CA-41F6-93F7-BFE18A799A5B}.Release|Any CPU.Build.0 = Release|Any CPU
		{45155F88-C1CA-41F6-93F7-BFE18A799A5B}.Release|x64.ActiveCfg = Release|Any CPU
		{45155F88-C1CA-41F6-93F7-BFE18A799A5B}.Release|x64.Build.0 = Release|Any CPU
		{45155F88-C1CA-41F6-93F7-BFE18A799A5B}.Release|x86.ActiveCfg = Release|Any CPU
		{45155F88-C1CA-41F6-93F7-BFE18A799A5B}.Release|x86.Build.0 = Release|Any CPU
		{3D565133-24B1-4138-9D6E-8648C067820B}.Debug|Any CPU.ActiveCfg = Debug|Any CPU
		{3D565133-24B1-4138-9D6E-8648C067820B}.Debug|Any CPU.Build.0 = Debug|Any CPU
		{3D565133-24B1-4138-9D6E-8648C067820B}.Debug|x64.ActiveCfg = Debug|Any CPU
		{3D565133-24B1-4138-9D6E-8648C067820B}.Debug|x64.Build.0 = Debug|Any CPU
		{3D565133-24B1-4138-9D6E-8648C067820B}.Debug|x86.ActiveCfg = Debug|Any CPU
		{3D565133-24B1-4138-9D6E-8648C067820B}.Debug|x86.Build.0 = Debug|Any CPU
		{3D565133-24B1-4138-9D6E-8648C067820B}.Release|Any CPU.ActiveCfg = Release|Any CPU
		{3D565133-24B1-4138-9D6E-8648C067820B}.Release|Any CPU.Build.0 = Release|Any CPU
		{3D565133-24B1-4138-9D6E-8648C067820B}.Release|x64.ActiveCfg = Release|Any CPU
		{3D565133-24B1-4138-9D6E-8648C067820B}.Release|x64.Build.0 = Release|Any CPU
		{3D565133-24B1-4138-9D6E-8648C067820B}.Release|x86.ActiveCfg = Release|Any CPU
		{3D565133-24B1-4138-9D6E-8648C067820B}.Release|x86.Build.0 = Release|Any CPU
	EndGlobalSection
	GlobalSection(SolutionProperties) = preSolution
		HideSolutionNode = FALSE
	EndGlobalSection
	GlobalSection(ExtensibilityGlobals) = postSolution
		SolutionGuid = {9B164A13-E82F-416C-9A32-A33D312CB5E2}
	EndGlobalSection
EndGlobal
